
Microsoft Visual Studio Solution File, Format Version 12.00
# Visual Studio Version 17
VisualStudioVersion = 17.5.33530.505
MinimumVisualStudioVersion = 10.0.40219.1
Project("{9A19103F-16F7-4668-BE54-9A1E7A4F7556}") = "GraphTheoryTest", "GraphTheoryTest\GraphTheoryTest.csproj", "{57DF6E9A-7DF7-4DD1-BAD2-1123640BA458}"
EndProject
Project("{FAE04EC0-301F-11D3-BF4B-00C04F79EFBC}") = "GraphTheory", "GraphTheory\GraphTheory.csproj", "{8476621D-34DA-4C8E-8EE7-FAE40105D756}"
EndProject
Global
	GlobalSection(SolutionConfigurationPlatforms) = preSolution
		Debug|Any CPU = Debug|Any CPU
		Release|Any CPU = Release|Any CPU
	EndGlobalSection
	GlobalSection(ProjectConfigurationPlatforms) = postSolution
		{57DF6E9A-7DF7-4DD1-BAD2-1123640BA458}.Debug|Any CPU.ActiveCfg = Debug|Any CPU
		{57DF6E9A-7DF7-4DD1-BAD2-1123640BA458}.Debug|Any CPU.Build.0 = Debug|Any CPU
		{57DF6E9A-7DF7-4DD1-BAD2-1123640BA458}.Release|Any CPU.ActiveCfg = Release|Any CPU
		{57DF6E9A-7DF7-4DD1-BAD2-1123640BA458}.Release|Any CPU.Build.0 = Release|Any CPU
		{8476621D-34DA-4C8E-8EE7-FAE40105D756}.Debug|Any CPU.ActiveCfg = Debug|Any CPU
		{8476621D-34DA-4C8E-8EE7-FAE40105D756}.Debug|Any CPU.Build.0 = Debug|Any CPU
		{8476621D-34DA-4C8E-8EE7-FAE40105D756}.Release|Any CPU.ActiveCfg = Release|Any CPU
		{8476621D-34DA-4C8E-8EE7-FAE40105D756}.Release|Any CPU.Build.0 = Release|Any CPU
	EndGlobalSection
	GlobalSection(SolutionProperties) = preSolution
		HideSolutionNode = FALSE
	EndGlobalSection
	GlobalSection(ExtensibilityGlobals) = postSolution
		SolutionGuid = {710ADD55-392F-4A82-B881-F7FE2A019F73}
	EndGlobalSection
EndGlobal
